
Microsoft Visual Studio Solution File, Format Version 11.00
# Visual Studio 2010
Project("{FAE04EC0-301F-11D3-BF4B-00C04F79EFBC}") = "AC4Analysis", "AC4Analysis\AC4Analysis.csproj", "{956E0963-C3A0-4651-B2DD-ED0D8647D4E4}"
	ProjectSection(ProjectDependencies) = postProject
		{7B0A0400-235B-4B39-8324-BA21845A5AA3} = {7B0A0400-235B-4B39-8324-BA21845A5AA3}
	EndProjectSection
EndProject
Project("{8BC9CEB8-8B4A-11D0-8D11-00A0C91BC942}") = "AC4_3DWIN", "AC4_3DWIN\AC4_3DWIN.vcxproj", "{A20FE960-1186-FE99-1243-5A43EF958B4B}"
EndProject
Project("{8BC9CEB8-8B4A-11D0-8D11-00A0C91BC942}") = "AC4_3DWIN2", "AC4_3DWIN2\AC4_3DWIN2.vcxproj", "{7B0A0400-235B-4B39-8324-BA21845A5AA3}"
EndProject
Global
	GlobalSection(SolutionConfigurationPlatforms) = preSolution
		Debug|Mixed Platforms = Debug|Mixed Platforms
		Debug|Win32 = Debug|Win32
		Debug|x86 = Debug|x86
		Release|Mixed Platforms = Release|Mixed Platforms
		Release|Win32 = Release|Win32
		Release|x86 = Release|x86
	EndGlobalSection
	GlobalSection(ProjectConfigurationPlatforms) = postSolution
		{956E0963-C3A0-4651-B2DD-ED0D8647D4E4}.Debug|Mixed Platforms.ActiveCfg = Debug|x86
		{956E0963-C3A0-4651-B2DD-ED0D8647D4E4}.Debug|Mixed Platforms.Build.0 = Debug|x86
		{956E0963-C3A0-4651-B2DD-ED0D8647D4E4}.Debug|Win32.ActiveCfg = Debug|x86
		{956E0963-C3A0-4651-B2DD-ED0D8647D4E4}.Debug|x86.ActiveCfg = Debug|x86
		{956E0963-C3A0-4651-B2DD-ED0D8647D4E4}.Debug|x86.Build.0 = Debug|x86
		{956E0963-C3A0-4651-B2DD-ED0D8647D4E4}.Release|Mixed Platforms.ActiveCfg = Release|x86
		{956E0963-C3A0-4651-B2DD-ED0D8647D4E4}.Release|Mixed Platforms.Build.0 = Release|x86
		{956E0963-C3A0-4651-B2DD-ED0D8647D4E4}.Release|Win32.ActiveCfg = Release|x86
		{956E0963-C3A0-4651-B2DD-ED0D8647D4E4}.Release|x86.ActiveCfg = Release|x86
		{956E0963-C3A0-4651-B2DD-ED0D8647D4E4}.Release|x86.Build.0 = Release|x86
		{A20FE960-1186-FE99-1243-5A43EF958B4B}.Debug|Mixed Platforms.ActiveCfg = Debug|Win32
		{A20FE960-1186-FE99-1243-5A43EF958B4B}.Debug|Win32.ActiveCfg = Debug|Win32
		{A20FE960-1186-FE99-1243-5A43EF958B4B}.Debug|Win32.Build.0 = Debug|Win32
		{A20FE960-1186-FE99-1243-5A43EF958B4B}.Debug|x86.ActiveCfg = Debug|Win32
		{A20FE960-1186-FE99-1243-5A43EF958B4B}.Release|Mixed Platforms.ActiveCfg = Release|Win32
		{A20FE960-1186-FE99-1243-5A43EF958B4B}.Release|Win32.ActiveCfg = Release|Win32
		{A20FE960-1186-FE99-1243-5A43EF958B4B}.Release|Win32.Build.0 = Release|Win32
		{A20FE960-1186-FE99-1243-5A43EF958B4B}.Release|x86.ActiveCfg = Release|Win32
		{7B0A0400-235B-4B39-8324-BA21845A5AA3}.Debug|Mixed Platforms.ActiveCfg = Debug|Win32
		{7B0A0400-235B-4B39-8324-BA21845A5AA3}.Debug|Mixed Platforms.Build.0 = Debug|Win32
		{7B0A0400-235B-4B39-8324-BA21845A5AA3}.Debug|Win32.ActiveCfg = Debug|Win32
		{7B0A0400-235B-4B39-8324-BA21845A5AA3}.Debug|Win32.Build.0 = Debug|Win32
		{7B0A0400-235B-4B39-8324-BA21845A5AA3}.Debug|x86.ActiveCfg = Debug|Win32
		{7B0A0400-235B-4B39-8324-BA21845A5AA3}.Release|Mixed Platforms.ActiveCfg = Release|Win32
		{7B0A0400-235B-4B39-8324-BA21845A5AA3}.Release|Mixed Platforms.Build.0 = Release|Win32
		{7B0A0400-235B-4B39-8324-BA21845A5AA3}.Release|Win32.ActiveCfg = Release|Win32
		{7B0A0400-235B-4B39-8324-BA21845A5AA3}.Release|Win32.Build.0 = Release|Win32
		{7B0A0400-235B-4B39-8324-BA21845A5AA3}.Release|x86.ActiveCfg = Release|Win32
	EndGlobalSection
	GlobalSection(SolutionProperties) = preSolution
		HideSolutionNode = FALSE
	EndGlobalSection
EndGlobal
